
Microsoft Visual Studio Solution File, Format Version 12.00
# Visual Studio 15
VisualStudioVersion = 15.0.27703.2042
MinimumVisualStudioVersion = 10.0.40219.1
Project("{FAE04EC0-301F-11D3-BF4B-00C04F79EFBC}") = "PackageUpdaterGUI", "PackageUpdaterGUI\PackageUpdaterGUI.csproj", "{27AB644D-C80A-4F66-9D62-B19623B5513C}"
EndProject
Project("{FAE04EC0-301F-11D3-BF4B-00C04F79EFBC}") = "PackageUpdaterCLI", "PackageUpdaterCLI\PackageUpdaterCLI.csproj", "{183ABA14-AB7F-4134-8CA0-3A4199FE8BAE}"
EndProject
Project("{FAE04EC0-301F-11D3-BF4B-00C04F79EFBC}") = "PackageUpdater", "PackageUpdater\PackageUpdater.csproj", "{1ED431F1-6D3C-4070-A40F-09F65A23950C}"
EndProject
Global
	GlobalSection(SolutionConfigurationPlatforms) = preSolution
		Debug|Any CPU = Debug|Any CPU
		Release|Any CPU = Release|Any CPU
	EndGlobalSection
	GlobalSection(ProjectConfigurationPlatforms) = postSolution
		{27AB644D-C80A-4F66-9D62-B19623B5513C}.Debug|Any CPU.ActiveCfg = Debug|Any CPU
		{27AB644D-C80A-4F66-9D62-B19623B5513C}.Debug|Any CPU.Build.0 = Debug|Any CPU
		{27AB644D-C80A-4F66-9D62-B19623B5513C}.Release|Any CPU.ActiveCfg = Release|Any CPU
		{27AB644D-C80A-4F66-9D62-B19623B5513C}.Release|Any CPU.Build.0 = Release|Any CPU
		{183ABA14-AB7F-4134-8CA0-3A4199FE8BAE}.Debug|Any CPU.ActiveCfg = Debug|Any CPU
		{183ABA14-AB7F-4134-8CA0-3A4199FE8BAE}.Debug|Any CPU.Build.0 = Debug|Any CPU
		{183ABA14-AB7F-4134-8CA0-3A4199FE8BAE}.Release|Any CPU.ActiveCfg = Release|Any CPU
		{183ABA14-AB7F-4134-8CA0-3A4199FE8BAE}.Release|Any CPU.Build.0 = Release|Any CPU
		{1ED431F1-6D3C-4070-A40F-09F65A23950C}.Debug|Any CPU.ActiveCfg = Debug|Any CPU
		{1ED431F1-6D3C-4070-A40F-09F65A23950C}.Debug|Any CPU.Build.0 = Debug|Any CPU
		{1ED431F1-6D3C-4070-A40F-09F65A23950C}.Release|Any CPU.ActiveCfg = Release|Any CPU
		{1ED431F1-6D3C-4070-A40F-09F65A23950C}.Release|Any CPU.Build.0 = Release|Any CPU
	EndGlobalSection
	GlobalSection(SolutionProperties) = preSolution
		HideSolutionNode = FALSE
	EndGlobalSection
	GlobalSection(ExtensibilityGlobals) = postSolution
		SolutionGuid = {0F6768DB-79CE-425C-BEF8-A5BFE94D3524}
	EndGlobalSection
EndGlobal
